code.cloudfoundry.org/credhub-cli v0.0.0-20190503162222-fb698ccf3594 h1:cOdZBmxZM5wum0AWh4ohbl1fu4QbxP81xF7FAJsN4Ks=
code.cloudfoundry.org/credhub-cli v0.0.0-20190503162222-fb698ccf3594/go.mod h1:oZAAU/4R7ssJ+kighWL4VLyyyY+Utm8H9r721AE3edQ=
code.cloudfoundry.org/goshims v0.0.0-20190529192408-bb24d2ef71ff h1:mM+PDE9FenEujN8i1CQS6dkN4PgVp269vFxpWkt3op8=
code.cloudfoundry.org/goshims v0.0.0-20190529192408-bb24d2ef71ff/go.mod h1:p+Q0ZCTdX+nJ5w8bXZjFicVtUEnTX7kRL8viv+DXmR0=
code.cloudfoundry.org/lager v2.0.0+incompatible h1:WZwDKDB2PLd/oL+USK4b4aEjUymIej9My2nUQ9oWEwQ=
code.cloudfoundry.org/lager v2.0.0+incompatible/go.mod h1:O2sS7gKP3HM2iemG+EnwvyNQK7pTSC6Foi4QiMp9sSk=
code.cloudfoundry.org/service-broker-store v0.0.0-20190214203308-86960284f35c h1:YX2YrWUIfZ/X6BFRV4cQvV9H6/WOdZvHFm6n0Cbn+UU=
code.cloudfoundry.org/service-broker-store v0.0.0-20190214203308-86960284f35c/go.mod h1:3wAm3e+k2JAjftd+inkxoXrv1IY09t8ZH+nzLAUCUmY=
github.com/DATA-DOG/go-sqlmock v1.3.3 h1:CWUqKXe0s8A2z6qCgkP4Kru7wC11YoAnoupUKFDnH08=
github.com/DATA-DOG/go-sqlmock v1.3.3/go.mod h1:f/Ixk793poVmq4qj/V1dPUg2JEAKC73Q5eFN3EC/SaM=
github.com/cloudfoundry/go-socks5 v0.0.0-20180221174514-54f73bdb8a8e h1:FQdRViaoDphGRfgrotl2QGsX1gbloe57dbGBS5CG6KY=
github.com/cloudfoundry/go-socks5 v0.0.0-20180221174514-54f73bdb8a8e/go.mod h1:PXmcacyJB/pJjSxEl15IU6rEIKXrhZQRzsr0UTkgNNs=
github.com/cloudfoundry/socks5-proxy v0.0.0-20180321211136-3c6b4eec9c2d h1:m8ZUT+5ZyDcyCLOeigNrT8STeNZiIMqkqZcNwzCbteE=
github.com/cloudfoundry/socks5-proxy v0.0.0-20180321211136-3c6b4eec9c2d/go.mod h1:0a+Ghg38uB86Dx+de84dFSkILTnBHzCpFMRnjHgSzi4=
github.com/cloudfoundry/socks5-proxy v0.2.0 h1:ZRXcJxUqOyKmah+ytXh52K7m7S7SyuBacDUnd2g0ihU=
github.com/cloudfoundry/socks5-proxy v0.2.0/go.mod h1:0a+Ghg38uB86Dx+de84dFSkILTnBHzCpFMRnjHgSzi4=
github.com/fsnotify/fsnotify v1.4.7/go.mod h1:jwhsz4b93w/PPRr/qN1Yymfu8t87LnFCMoQvtojpjFo=
github.com/go-sql-driver/mysql v1.4.1 h1:g24URVg0OFbNUTx9qqY1IRZ9D9z3iPyi5zKhQZpNwpA=
github.com/go-sql-driver/mysql v1.4.1/go.mod h1:zAC/RDZ24gD3HViQzih4MyKcchzm+sOG5ZlKdlhCg5w=
github.com/golang/protobuf v1.2.0/go.mod h1:6lQm79b+lXiMfvg/cZm0SGofjICqVBUtrP5yJMmIC1U=
github.com/gorilla/mux v1.7.2 h1:zoNxOV7WjqXptQOVngLmcSQgXmgk4NMz1HibBchjl/I=
github.com/gorilla/mux v1.7.2/go.mod h1:1lud6UwP+6orDFRuTfBEV8e9/aOM/c4fVVCaMa2zaAs=
github.com/hashicorp/go-version v1.2.0 h1:3vNe/fWF5CBgRIguda1meWhsZHy3m8gCJ5wx+dIzX/E=
github.com/hashicorp/go-version v1.2.0/go.mod h1:fltr4n8CU8Ke44wwGCBoEymUuxUHl09ZGVZPK5anwXA=
github.com/hpcloud/tail v1.0.0 h1:nfCOvKYfkgYP8hkirhJocXT2+zOD8yUNjXaWfTlyFKI=
github.com/hpcloud/tail v1.0.0/go.mod h1:ab1qPbhIpdTxEkNHXyeSf5vhxWSCs/tWer42PpOxQnU=
github.com/onsi/ginkgo v1.6.0/go.mod h1:lLunBs/Ym6LB5Z9jYTR76FiuTmxDTDusOGeTQH+WWjE=
github.com/onsi/ginkgo v1.8.0 h1:VkHVNpR4iVnU8XQR6DBm8BqYjN7CRzw+xKUbVVbbW9w=
github.com/onsi/ginkgo v1.8.0/go.mod h1:lLunBs/Ym6LB5Z9jYTR76FiuTmxDTDusOGeTQH+WWjE=
github.com/onsi/gomega v1.5.0 h1:izbySO9zDPmjJ8rDjLvkA2zJHIo+HkYXHnf7eN7SSyo=
github.com/onsi/gomega v1.5.0/go.mod h1:ex+gbHU/CVuBBDIJjb2X0qEXbFg53c61hWP/1CpauHY=
github.com/pivotal-cf/brokerapi v5.0.0+incompatible h1:tkCsnjwulPF3uMz7WzlYGAX7Ddcn+wg+BdQ/lxN4e3Q=
github.com/pivotal-cf/brokerapi v5.0.0+incompatible/go.mod h1:P+oA8NvkCTkq2t4DohBiyqQo69Ub15RKGcm/vKNP0gg=
github.com/pkg/errors v0.8.1 h1:iURUrRGxPUNPdy5/HRSm+Yj6okJ6UtLINN0Q9M4+h3I=
github.com/pkg/errors v0.8.1/go.mod h1:bwawxfHBFNV+L2hUp1rHADufV3IMtnDRdf1r5NINEl0=
golang.org/x/crypto v0.0.0-20190308221718-c2843e01d9a2/go.mod h1:djNgcEr1/C05ACkg1iLfiJU5Ep61QUkGW8qpdssI0+w=
golang.org/x/crypto v0.0.0-20190530122614-20be4c3c3ed5 h1:8dUaAV7K4uHsF56JQWkprecIQKdPHtR9jCHF5nB8uzc=
golang.org/x/crypto v0.0.0-20190530122614-20be4c3c3ed5/go.mod h1:yigFU9vqHzYiE8UmvKecakEJjdnWj3jj499lnFckfCI=
golang.org/x/net v0.0.0-20180724234803-3673e40ba225/go.mod h1:mL1N/T3taQHkDXs73rZJwtUhF3w3ftmwwsq0BUmARs4=
golang.org/x/net v0.0.0-20180906233101-161cd47e91fd/go.mod h1:mL1N/T3taQHkDXs73rZJwtUhF3w3ftmwwsq0BUmARs4=
golang.org/x/net v0.0.0-20190404232315-eb5bcb51f2a3 h1:0GoQqolDA55aaLxZyTzK/Y2ePZzZTUrRacwib7cNsYQ=
golang.org/x/net v0.0.0-20190404232315-eb5bcb51f2a3/go.mod h1:t9HGtf8HONx5eT2rtn7q6eTqICYqUVnKs3thJo3Qplg=
golang.org/x/sync v0.0.0-20180314180146-1d60e4601c6f/go.mod h1:RxMgew5VJxzue5/jJTE5uejpjVlOe/izrB70Jof72aM=
golang.org/x/sys v0.0.0-20180909124046-d0be0721c37e/go.mod h1:STP8DvDyc/dI5b8T5hshtkjS+E42TnysNCUPdjciGhY=
golang.org/x/sys v0.0.0-20190215142949-d0b11bdaac8a/go.mod h1:STP8DvDyc/dI5b8T5hshtkjS+E42TnysNCUPdjciGhY=
golang.org/x/sys v0.0.0-20190412213103-97732733099d h1:+R4KGOnez64A81RvjARKc4UT5/tI9ujCIVX+P5KiHuI=
golang.org/x/sys v0.0.0-20190412213103-97732733099d/go.mod h1:h1NjWce9XRLGQEsW7wpKNCjG9DtNlClVuFLEZdDNbEs=
golang.org/x/text v0.3.0 h1:g61tztE5qeGQ89tm6NTjjM9VPIm088od1l6aSorWRWg=
golang.org/x/text v0.3.0/go.mod h1:NqM8EUOU14njkJ3fqMW+pc6Ldnwhi/IjpwHt7yyuwOQ=
google.golang.org/appengine v1.6.0 h1:Tfd7cKwKbFRsI8RMAD3oqqw7JPFRrvFlOsfbgVkjOOw=
google.golang.org/appengine v1.6.0/go.mod h1:xpcJRLb0r/rnEns0DIKYYv+WjYCduHsrkT7/EB5XEv4=
gopkg.in/check.v1 v0.0.0-20161208181325-20d25e280405/go.mod h1:Co6ibVJAznAaIkqp8huTwlJQCZ016jof/cbN4VW5Yz0=
gopkg.in/fsnotify.v1 v1.4.7 h1:xOHLXZwVvI9hhs+cLKq5+I5onOuwQLhQwiu63xxlHs4=
gopkg.in/fsnotify.v1 v1.4.7/go.mod h1:Tz8NjZHkW78fSQdbUxIjBTcgA1z1m8ZHf0WmKUhAMys=
gopkg.in/tomb.v1 v1.0.0-20141024135613-dd632973f1e7 h1:uRGJdciOHaEIrze2W8Q3AKkepLTh2hOroT7a+7czfdQ=
gopkg.in/tomb.v1 v1.0.0-20141024135613-dd632973f1e7/go.mod h1:dt/ZhP58zS4L8KSrWDmTeBkI65Dw0HsyUHuEVlX15mw=
gopkg.in/yaml.v2 v2.2.1 h1:mUhvW9EsL+naU5Q3cakzfE91YhliOondGd6ZrsDBHQE=
gopkg.in/yaml.v2 v2.2.1/go.mod h1:hI93XBmqTisBFMUTm0b8Fm+jr3Dg1NNxqwp+5A1VGuI=
